
Microsoft Visual Studio Solution File, Format Version 12.00
# Visual Studio 2013
VisualStudioVersion = 12.0.21005.1
MinimumVisualStudioVersion = 10.0.40219.1
Project("{FAE04EC0-301F-11D3-BF4B-00C04F79EFBC}") = "TheRing.CQRS.Eventing", "TheRing.CQRS.Eventing\TheRing.CQRS.Eventing.csproj", "{B1B87D37-25CB-4953-97B7-2A7627798D25}"
EndProject
Project("{FAE04EC0-301F-11D3-BF4B-00C04F79EFBC}") = "TheRing.CQRS.MassTransit", "TheRing.CQRS.MassTransit\TheRing.CQRS.MassTransit.csproj", "{B64E2223-668B-4FAA-891B-641C95FB5844}"
EndProject
Project("{2150E333-8FDC-42A3-9474-1A3956D46DE8}") = "SeedWork", "SeedWork", "{6D207E9C-1D1B-4AF8-8BE8-8436E013A9FB}"
EndProject
Project("{2150E333-8FDC-42A3-9474-1A3956D46DE8}") = "Messaging", "Messaging", "{BBD965AA-4091-4970-81C5-05E93173C53E}"
EndProject
Project("{2150E333-8FDC-42A3-9474-1A3956D46DE8}") = "Persistence", "Persistence", "{277DD0C0-A404-42CE-BD0D-392556CD8762}"
EndProject
Project("{FAE04EC0-301F-11D3-BF4B-00C04F79EFBC}") = "TheRing.RavenDb", "TheRing.RavenDb\TheRing.RavenDb.csproj", "{408CD0DE-26DF-4949-A970-EA7B16669D6F}"
EndProject
Project("{FAE04EC0-301F-11D3-BF4B-00C04F79EFBC}") = "TheRing.CQRS.MassTransit.RavenDb", "TheRing.MassTransit.RavenDb\TheRing.CQRS.MassTransit.RavenDb.csproj", "{225BB9E8-D0E0-4CC9-81E8-08CD8C3CD1EE}"
EndProject
Project("{2150E333-8FDC-42A3-9474-1A3956D46DE8}") = ".nuget", ".nuget", "{07F92D48-568B-4651-90E3-E61A8305D397}"
	ProjectSection(SolutionItems) = preProject
		.nuget\NuGet.Config = .nuget\NuGet.Config
		.nuget\NuGet.exe = .nuget\NuGet.exe
		.nuget\NuGet.targets = .nuget\NuGet.targets
	EndProjectSection
EndProject
Project("{FAE04EC0-301F-11D3-BF4B-00C04F79EFBC}") = "TheRing.Test", "TheRing.Test\TheRing.Test.csproj", "{C53B5138-1B0A-438A-9439-3A0E6E7AA329}"
EndProject
Project("{FAE04EC0-301F-11D3-BF4B-00C04F79EFBC}") = "WebSample", "WebSample\WebSample.csproj", "{4725BE52-A933-432B-8712-C27DA1CE0FEA}"
EndProject
Project("{2150E333-8FDC-42A3-9474-1A3956D46DE8}") = "Solution Items", "Solution Items", "{B4D72F94-AEAF-4D4B-9F76-FD35952A557B}"
	ProjectSection(SolutionItems) = preProject
		README.md = README.md
	EndProjectSection
EndProject
Project("{FAE04EC0-301F-11D3-BF4B-00C04F79EFBC}") = "TheRing.CQRS.Commanding", "TheRing.CQRS.Commanding\TheRing.CQRS.Commanding.csproj", "{1CBB2A4B-B50B-4203-BE76-30BE461969AE}"
EndProject
Project("{2150E333-8FDC-42A3-9474-1A3956D46DE8}") = "Ioc", "Ioc", "{94B7BBEC-BD7C-48DD-83DE-5B2C4ECF8492}"
EndProject
Project("{FAE04EC0-301F-11D3-BF4B-00C04F79EFBC}") = "TheRing.SimpleInjector", "TheRing.SimpleInjector\TheRing.SimpleInjector.csproj", "{530CC9B0-6761-4322-9E1C-D0858E85B097}"
EndProject
Project("{FAE04EC0-301F-11D3-BF4B-00C04F79EFBC}") = "TheRing.CQRS.Application", "TheRing.CQRS.Application\TheRing.CQRS.Application.csproj", "{5A43D301-FA69-47B0-9BEE-5DD57833FB51}"
EndProject
Project("{FAE04EC0-301F-11D3-BF4B-00C04F79EFBC}") = "TheRing.CQRS.RavenDb", "TheRing.CQRS.RavenDb\TheRing.CQRS.RavenDb.csproj", "{BFFE2398-DF5E-440D-92B6-1B903A533A60}"
EndProject
Project("{FAE04EC0-301F-11D3-BF4B-00C04F79EFBC}") = "TheRing.CQRS.Commanding.Test", "TheRing.CQRS.Commanding.Test\TheRing.CQRS.Commanding.Test.csproj", "{4A3EEC6B-A92A-45D2-A9D9-C4BE8B49196A}"
EndProject
Global
	GlobalSection(SolutionConfigurationPlatforms) = preSolution
		Debug|Any CPU = Debug|Any CPU
		Release|Any CPU = Release|Any CPU
	EndGlobalSection
	GlobalSection(ProjectConfigurationPlatforms) = postSolution
		{B1B87D37-25CB-4953-97B7-2A7627798D25}.Debug|Any CPU.ActiveCfg = Debug|Any CPU
		{B1B87D37-25CB-4953-97B7-2A7627798D25}.Debug|Any CPU.Build.0 = Debug|Any CPU
		{B1B87D37-25CB-4953-97B7-2A7627798D25}.Release|Any CPU.ActiveCfg = Release|Any CPU
		{B1B87D37-25CB-4953-97B7-2A7627798D25}.Release|Any CPU.Build.0 = Release|Any CPU
		{B64E2223-668B-4FAA-891B-641C95FB5844}.Debug|Any CPU.ActiveCfg = Debug|Any CPU
		{B64E2223-668B-4FAA-891B-641C95FB5844}.Debug|Any CPU.Build.0 = Debug|Any CPU
		{B64E2223-668B-4FAA-891B-641C95FB5844}.Release|Any CPU.ActiveCfg = Release|Any CPU
		{B64E2223-668B-4FAA-891B-641C95FB5844}.Release|Any CPU.Build.0 = Release|Any CPU
		{408CD0DE-26DF-4949-A970-EA7B16669D6F}.Debug|Any CPU.ActiveCfg = Debug|Any CPU
		{408CD0DE-26DF-4949-A970-EA7B16669D6F}.Debug|Any CPU.Build.0 = Debug|Any CPU
		{408CD0DE-26DF-4949-A970-EA7B16669D6F}.Release|Any CPU.ActiveCfg = Release|Any CPU
		{408CD0DE-26DF-4949-A970-EA7B16669D6F}.Release|Any CPU.Build.0 = Release|Any CPU
		{225BB9E8-D0E0-4CC9-81E8-08CD8C3CD1EE}.Debug|Any CPU.ActiveCfg = Debug|Any CPU
		{225BB9E8-D0E0-4CC9-81E8-08CD8C3CD1EE}.Debug|Any CPU.Build.0 = Debug|Any CPU
		{225BB9E8-D0E0-4CC9-81E8-08CD8C3CD1EE}.Release|Any CPU.ActiveCfg = Release|Any CPU
		{225BB9E8-D0E0-4CC9-81E8-08CD8C3CD1EE}.Release|Any CPU.Build.0 = Release|Any CPU
		{C53B5138-1B0A-438A-9439-3A0E6E7AA329}.Debug|Any CPU.ActiveCfg = Debug|Any CPU
		{C53B5138-1B0A-438A-9439-3A0E6E7AA329}.Debug|Any CPU.Build.0 = Debug|Any CPU
		{C53B5138-1B0A-438A-9439-3A0E6E7AA329}.Release|Any CPU.ActiveCfg = Release|Any CPU
		{C53B5138-1B0A-438A-9439-3A0E6E7AA329}.Release|Any CPU.Build.0 = Release|Any CPU
		{4725BE52-A933-432B-8712-C27DA1CE0FEA}.Debug|Any CPU.ActiveCfg = Debug|Any CPU
		{4725BE52-A933-432B-8712-C27DA1CE0FEA}.Debug|Any CPU.Build.0 = Debug|Any CPU
		{4725BE52-A933-432B-8712-C27DA1CE0FEA}.Release|Any CPU.ActiveCfg = Release|Any CPU
		{4725BE52-A933-432B-8712-C27DA1CE0FEA}.Release|Any CPU.Build.0 = Release|Any CPU
		{1CBB2A4B-B50B-4203-BE76-30BE461969AE}.Debug|Any CPU.ActiveCfg = Debug|Any CPU
		{1CBB2A4B-B50B-4203-BE76-30BE461969AE}.Debug|Any CPU.Build.0 = Debug|Any CPU
		{1CBB2A4B-B50B-4203-BE76-30BE461969AE}.Release|Any CPU.ActiveCfg = Release|Any CPU
		{1CBB2A4B-B50B-4203-BE76-30BE461969AE}.Release|Any CPU.Build.0 = Release|Any CPU
		{530CC9B0-6761-4322-9E1C-D0858E85B097}.Debug|Any CPU.ActiveCfg = Debug|Any CPU
		{530CC9B0-6761-4322-9E1C-D0858E85B097}.Debug|Any CPU.Build.0 = Debug|Any CPU
		{530CC9B0-6761-4322-9E1C-D0858E85B097}.Release|Any CPU.ActiveCfg = Release|Any CPU
		{530CC9B0-6761-4322-9E1C-D0858E85B097}.Release|Any CPU.Build.0 = Release|Any CPU
		{5A43D301-FA69-47B0-9BEE-5DD57833FB51}.Debug|Any CPU.ActiveCfg = Debug|Any CPU
		{5A43D301-FA69-47B0-9BEE-5DD57833FB51}.Debug|Any CPU.Build.0 = Debug|Any CPU
		{5A43D301-FA69-47B0-9BEE-5DD57833FB51}.Release|Any CPU.ActiveCfg = Release|Any CPU
		{5A43D301-FA69-47B0-9BEE-5DD57833FB51}.Release|Any CPU.Build.0 = Release|Any CPU
		{BFFE2398-DF5E-440D-92B6-1B903A533A60}.Debug|Any CPU.ActiveCfg = Debug|Any CPU
		{BFFE2398-DF5E-440D-92B6-1B903A533A60}.Debug|Any CPU.Build.0 = Debug|Any CPU
		{BFFE2398-DF5E-440D-92B6-1B903A533A60}.Release|Any CPU.ActiveCfg = Release|Any CPU
		{BFFE2398-DF5E-440D-92B6-1B903A533A60}.Release|Any CPU.Build.0 = Release|Any CPU
		{4A3EEC6B-A92A-45D2-A9D9-C4BE8B49196A}.Debug|Any CPU.ActiveCfg = Debug|Any CPU
		{4A3EEC6B-A92A-45D2-A9D9-C4BE8B49196A}.Debug|Any CPU.Build.0 = Debug|Any CPU
		{4A3EEC6B-A92A-45D2-A9D9-C4BE8B49196A}.Release|Any CPU.ActiveCfg = Release|Any CPU
		{4A3EEC6B-A92A-45D2-A9D9-C4BE8B49196A}.Release|Any CPU.Build.0 = Release|Any CPU
	EndGlobalSection
	GlobalSection(SolutionProperties) = preSolution
		HideSolutionNode = FALSE
	EndGlobalSection
	GlobalSection(NestedProjects) = preSolution
		{B1B87D37-25CB-4953-97B7-2A7627798D25} = {6D207E9C-1D1B-4AF8-8BE8-8436E013A9FB}
		{C53B5138-1B0A-438A-9439-3A0E6E7AA329} = {6D207E9C-1D1B-4AF8-8BE8-8436E013A9FB}
		{1CBB2A4B-B50B-4203-BE76-30BE461969AE} = {6D207E9C-1D1B-4AF8-8BE8-8436E013A9FB}
		{5A43D301-FA69-47B0-9BEE-5DD57833FB51} = {6D207E9C-1D1B-4AF8-8BE8-8436E013A9FB}
		{4A3EEC6B-A92A-45D2-A9D9-C4BE8B49196A} = {6D207E9C-1D1B-4AF8-8BE8-8436E013A9FB}
		{B64E2223-668B-4FAA-891B-641C95FB5844} = {BBD965AA-4091-4970-81C5-05E93173C53E}
		{408CD0DE-26DF-4949-A970-EA7B16669D6F} = {277DD0C0-A404-42CE-BD0D-392556CD8762}
		{225BB9E8-D0E0-4CC9-81E8-08CD8C3CD1EE} = {277DD0C0-A404-42CE-BD0D-392556CD8762}
		{BFFE2398-DF5E-440D-92B6-1B903A533A60} = {277DD0C0-A404-42CE-BD0D-392556CD8762}
		{530CC9B0-6761-4322-9E1C-D0858E85B097} = {94B7BBEC-BD7C-48DD-83DE-5B2C4ECF8492}
	EndGlobalSection
	GlobalSection(ExtensibilityGlobals) = postSolution
		EnterpriseLibraryConfigurationToolBinariesPath = packages\Unity.2.1.505.2\lib\NET35
	EndGlobalSection
EndGlobal
